# This file was autogenerated by Stack.
# You should not edit this file by hand.
# For more information, please see the documentation at:
#   https://docs.haskellstack.org/en/stable/lock_files

packages:
- completed:
    name: algebra-simple
    pantry-tree:
      sha256: 69dd27f6e676dad6e59bd2e2224fbb47ae75ba10efd419acb8dad1e7068c7671
      size: 4330
    commit: ce81fd3acd1c6d56252bb9569309645b1fdc6482
    git: https://github.com/tbidne/algebra-simple.git
    version: '0.1'
  original:
    commit: ce81fd3acd1c6d56252bb9569309645b1fdc6482
    git: https://github.com/tbidne/algebra-simple.git
snapshots:
- completed:
    sha256: d4ee004c46ba878d2f304f5d748d493057be579192a8d148527f3ba55c9df57f
    size: 618683
    url: https://raw.githubusercontent.com/commercialhaskell/stackage-snapshots/master/lts/19/4.yaml
  original: lts-19.4
